
Microsoft Visual Studio Solution File, Format Version 12.00
# Visual Studio Version 16
VisualStudioVersion = 16.0.31410.357
MinimumVisualStudioVersion = 10.0.40219.1
Project("{9A19103F-16F7-4668-BE54-9A1E7A4F7556}") = "02.HttpListener", "02.HttpListener\02.HttpListener.csproj", "{BC67EC47-BE2F-449B-8613-EFA5E28F1955}"
EndProject
Project("{9A19103F-16F7-4668-BE54-9A1E7A4F7556}") = "01.a.HttpClient", "01.a.HttpClient\01.a.HttpClient.csproj", "{3D666B90-1E7C-4FFC-9C01-B5B09D54B95B}"
EndProject
Project("{9A19103F-16F7-4668-BE54-9A1E7A4F7556}") = "03.b.TcpChatServer", "03.b.TcpChatServer\03.b.TcpChatServer.csproj", "{B79376CB-388A-494C-BA01-BA10437EB75A}"
EndProject
Project("{9A19103F-16F7-4668-BE54-9A1E7A4F7556}") = "03.c.TcpChatMessenger", "03.c.TcpChatMessenger\03.c.TcpChatMessenger.csproj", "{8FBD16A1-4CBE-444D-827A-1A64B9A81A34}"
EndProject
Project("{9A19103F-16F7-4668-BE54-9A1E7A4F7556}") = "03.d.TcpChatViewer", "03.d.TcpChatViewer\03.d.TcpChatViewer.csproj", "{C8D8061B-50A7-41C6-AA7C-875E344AD16A}"
EndProject
Project("{9A19103F-16F7-4668-BE54-9A1E7A4F7556}") = "04.b.TcpGamesServer", "04.b.TcpGamesServer\04.b.TcpGamesServer.csproj", "{EC4054C0-B289-462E-98A7-E39ABBA0F5DE}"
EndProject
Project("{9A19103F-16F7-4668-BE54-9A1E7A4F7556}") = "04.e.TcpGamesClient", "04.e.TcpGamesClient\04.e.TcpGamesClient.csproj", "{04A9E79A-B75C-44C7-8376-9204CC8F704B}"
EndProject
Project("{9A19103F-16F7-4668-BE54-9A1E7A4F7556}") = "05.Compression", "05.Compression\05.Compression.csproj", "{04563B5E-A047-493F-B0FE-0754F202EEC7}"
EndProject
Project("{9A19103F-16F7-4668-BE54-9A1E7A4F7556}") = "06.a.UdpFileSender", "06.a.UdpFileSender\06.a.UdpFileSender.csproj", "{09DEE56D-7530-4224-A2C1-42373C3A9381}"
EndProject
Project("{9A19103F-16F7-4668-BE54-9A1E7A4F7556}") = "06.b.UdpFileReceiver", "06.b.UdpFileReceiver\06.b.UdpFileReceiver.csproj", "{6A1038FB-9311-4D25-9CBD-055260D46C16}"
EndProject
Project("{9A19103F-16F7-4668-BE54-9A1E7A4F7556}") = "07.e.UdpPongServer", "07.e.UdpPongServer\07.e.UdpPongServer.csproj", "{43DE2D3D-31E5-4F3E-B140-5AF7418522D5}"
EndProject
Project("{9A19103F-16F7-4668-BE54-9A1E7A4F7556}") = "07.g.UdpPongClient", "07.g.UdpPongClient\07.g.UdpPongClient.csproj", "{F9B76F35-E4CD-44F9-9010-0DA28783A3DC}"
EndProject
Project("{9A19103F-16F7-4668-BE54-9A1E7A4F7556}") = "08.Ping", "08.Ping\08.Ping.csproj", "{6DBE7259-DDA9-481A-A299-7A05F19EC8F2}"
EndProject
Project("{FAE04EC0-301F-11D3-BF4B-00C04F79EFBC}") = "09.c.TcpSocketClientExample", "09.c.TcpSocketClientExample\09.c.TcpSocketClientExample.csproj", "{67AE56D0-E84E-460D-8266-969FD64E763B}"
EndProject
Project("{FAE04EC0-301F-11D3-BF4B-00C04F79EFBC}") = "09.c.TcpSocketServerExample", "09.c.TcpSocketServerExample\09.c.TcpSocketServerExample.csproj", "{846CB208-5E72-4B7B-82A4-EFE4797595A7}"
EndProject
Project("{FAE04EC0-301F-11D3-BF4B-00C04F79EFBC}") = "DnsExample", "DnsExample\DnsExample.csproj", "{CF5D40B1-F759-49C5-8634-17B6C07F7704}"
EndProject
Project("{FAE04EC0-301F-11D3-BF4B-00C04F79EFBC}") = "IPAddressExample", "IPAddressExample\IPAddressExample.csproj", "{F45EB9E9-8F6A-4925-A75E-A376C0AC77D6}"
EndProject
Project("{FAE04EC0-301F-11D3-BF4B-00C04F79EFBC}") = "IPEndPointExample", "IPEndPointExample\IPEndPointExample.csproj", "{CF8CF27D-5311-429C-82CB-DBD5C3494EE9}"
EndProject
Global
	GlobalSection(SolutionConfigurationPlatforms) = preSolution
		Debug|Any CPU = Debug|Any CPU
		Release|Any CPU = Release|Any CPU
	EndGlobalSection
	GlobalSection(ProjectConfigurationPlatforms) = postSolution
		{BC67EC47-BE2F-449B-8613-EFA5E28F1955}.Debug|Any CPU.ActiveCfg = Debug|Any CPU
		{BC67EC47-BE2F-449B-8613-EFA5E28F1955}.Debug|Any CPU.Build.0 = Debug|Any CPU
		{BC67EC47-BE2F-449B-8613-EFA5E28F1955}.Release|Any CPU.ActiveCfg = Release|Any CPU
		{BC67EC47-BE2F-449B-8613-EFA5E28F1955}.Release|Any CPU.Build.0 = Release|Any CPU
		{3D666B90-1E7C-4FFC-9C01-B5B09D54B95B}.Debug|Any CPU.ActiveCfg = Debug|Any CPU
		{3D666B90-1E7C-4FFC-9C01-B5B09D54B95B}.Debug|Any CPU.Build.0 = Debug|Any CPU
		{3D666B90-1E7C-4FFC-9C01-B5B09D54B95B}.Release|Any CPU.ActiveCfg = Release|Any CPU
		{3D666B90-1E7C-4FFC-9C01-B5B09D54B95B}.Release|Any CPU.Build.0 = Release|Any CPU
		{B79376CB-388A-494C-BA01-BA10437EB75A}.Debug|Any CPU.ActiveCfg = Debug|Any CPU
		{B79376CB-388A-494C-BA01-BA10437EB75A}.Debug|Any CPU.Build.0 = Debug|Any CPU
		{B79376CB-388A-494C-BA01-BA10437EB75A}.Release|Any CPU.ActiveCfg = Release|Any CPU
		{B79376CB-388A-494C-BA01-BA10437EB75A}.Release|Any CPU.Build.0 = Release|Any CPU
		{8FBD16A1-4CBE-444D-827A-1A64B9A81A34}.Debug|Any CPU.ActiveCfg = Debug|Any CPU
		{8FBD16A1-4CBE-444D-827A-1A64B9A81A34}.Debug|Any CPU.Build.0 = Debug|Any CPU
		{8FBD16A1-4CBE-444D-827A-1A64B9A81A34}.Release|Any CPU.ActiveCfg = Release|Any CPU
		{8FBD16A1-4CBE-444D-827A-1A64B9A81A34}.Release|Any CPU.Build.0 = Release|Any CPU
		{C8D8061B-50A7-41C6-AA7C-875E344AD16A}.Debug|Any CPU.ActiveCfg = Debug|Any CPU
		{C8D8061B-50A7-41C6-AA7C-875E344AD16A}.Debug|Any CPU.Build.0 = Debug|Any CPU
		{C8D8061B-50A7-41C6-AA7C-875E344AD16A}.Release|Any CPU.ActiveCfg = Release|Any CPU
		{C8D8061B-50A7-41C6-AA7C-875E344AD16A}.Release|Any CPU.Build.0 = Release|Any CPU
		{EC4054C0-B289-462E-98A7-E39ABBA0F5DE}.Debug|Any CPU.ActiveCfg = Debug|Any CPU
		{EC4054C0-B289-462E-98A7-E39ABBA0F5DE}.Debug|Any CPU.Build.0 = Debug|Any CPU
		{EC4054C0-B289-462E-98A7-E39ABBA0F5DE}.Release|Any CPU.ActiveCfg = Release|Any CPU
		{EC4054C0-B289-462E-98A7-E39ABBA0F5DE}.Release|Any CPU.Build.0 = Release|Any CPU
		{04A9E79A-B75C-44C7-8376-9204CC8F704B}.Debug|Any CPU.ActiveCfg = Debug|Any CPU
		{04A9E79A-B75C-44C7-8376-9204CC8F704B}.Debug|Any CPU.Build.0 = Debug|Any CPU
		{04A9E79A-B75C-44C7-8376-9204CC8F704B}.Release|Any CPU.ActiveCfg = Release|Any CPU
		{04A9E79A-B75C-44C7-8376-9204CC8F704B}.Release|Any CPU.Build.0 = Release|Any CPU
		{04563B5E-A047-493F-B0FE-0754F202EEC7}.Debug|Any CPU.ActiveCfg = Debug|Any CPU
		{04563B5E-A047-493F-B0FE-0754F202EEC7}.Debug|Any CPU.Build.0 = Debug|Any CPU
		{04563B5E-A047-493F-B0FE-0754F202EEC7}.Release|Any CPU.ActiveCfg = Release|Any CPU
		{04563B5E-A047-493F-B0FE-0754F202EEC7}.Release|Any CPU.Build.0 = Release|Any CPU
		{09DEE56D-7530-4224-A2C1-42373C3A9381}.Debug|Any CPU.ActiveCfg = Debug|Any CPU
		{09DEE56D-7530-4224-A2C1-42373C3A9381}.Debug|Any CPU.Build.0 = Debug|Any CPU
		{09DEE56D-7530-4224-A2C1-42373C3A9381}.Release|Any CPU.ActiveCfg = Release|Any CPU
		{09DEE56D-7530-4224-A2C1-42373C3A9381}.Release|Any CPU.Build.0 = Release|Any CPU
		{6A1038FB-9311-4D25-9CBD-055260D46C16}.Debug|Any CPU.ActiveCfg = Debug|Any CPU
		{6A1038FB-9311-4D25-9CBD-055260D46C16}.Debug|Any CPU.Build.0 = Debug|Any CPU
		{6A1038FB-9311-4D25-9CBD-055260D46C16}.Release|Any CPU.ActiveCfg = Release|Any CPU
		{6A1038FB-9311-4D25-9CBD-055260D46C16}.Release|Any CPU.Build.0 = Release|Any CPU
		{43DE2D3D-31E5-4F3E-B140-5AF7418522D5}.Debug|Any CPU.ActiveCfg = Debug|Any CPU
		{43DE2D3D-31E5-4F3E-B140-5AF7418522D5}.Debug|Any CPU.Build.0 = Debug|Any CPU
		{43DE2D3D-31E5-4F3E-B140-5AF7418522D5}.Release|Any CPU.ActiveCfg = Release|Any CPU
		{43DE2D3D-31E5-4F3E-B140-5AF7418522D5}.Release|Any CPU.Build.0 = Release|Any CPU
		{F9B76F35-E4CD-44F9-9010-0DA28783A3DC}.Debug|Any CPU.ActiveCfg = Debug|Any CPU
		{F9B76F35-E4CD-44F9-9010-0DA28783A3DC}.Debug|Any CPU.Build.0 = Debug|Any CPU
		{F9B76F35-E4CD-44F9-9010-0DA28783A3DC}.Release|Any CPU.ActiveCfg = Release|Any CPU
		{F9B76F35-E4CD-44F9-9010-0DA28783A3DC}.Release|Any CPU.Build.0 = Release|Any CPU
		{6DBE7259-DDA9-481A-A299-7A05F19EC8F2}.Debug|Any CPU.ActiveCfg = Debug|Any CPU
		{6DBE7259-DDA9-481A-A299-7A05F19EC8F2}.Debug|Any CPU.Build.0 = Debug|Any CPU
		{6DBE7259-DDA9-481A-A299-7A05F19EC8F2}.Release|Any CPU.ActiveCfg = Release|Any CPU
		{6DBE7259-DDA9-481A-A299-7A05F19EC8F2}.Release|Any CPU.Build.0 = Release|Any CPU
		{67AE56D0-E84E-460D-8266-969FD64E763B}.Debug|Any CPU.ActiveCfg = Debug|Any CPU
		{67AE56D0-E84E-460D-8266-969FD64E763B}.Debug|Any CPU.Build.0 = Debug|Any CPU
		{67AE56D0-E84E-460D-8266-969FD64E763B}.Release|Any CPU.ActiveCfg = Release|Any CPU
		{67AE56D0-E84E-460D-8266-969FD64E763B}.Release|Any CPU.Build.0 = Release|Any CPU
		{846CB208-5E72-4B7B-82A4-EFE4797595A7}.Debug|Any CPU.ActiveCfg = Debug|Any CPU
		{846CB208-5E72-4B7B-82A4-EFE4797595A7}.Debug|Any CPU.Build.0 = Debug|Any CPU
		{846CB208-5E72-4B7B-82A4-EFE4797595A7}.Release|Any CPU.ActiveCfg = Release|Any CPU
		{846CB208-5E72-4B7B-82A4-EFE4797595A7}.Release|Any CPU.Build.0 = Release|Any CPU
		{CF5D40B1-F759-49C5-8634-17B6C07F7704}.Debug|Any CPU.ActiveCfg = Debug|Any CPU
		{CF5D40B1-F759-49C5-8634-17B6C07F7704}.Debug|Any CPU.Build.0 = Debug|Any CPU
		{CF5D40B1-F759-49C5-8634-17B6C07F7704}.Release|Any CPU.ActiveCfg = Release|Any CPU
		{CF5D40B1-F759-49C5-8634-17B6C07F7704}.Release|Any CPU.Build.0 = Release|Any CPU
		{F45EB9E9-8F6A-4925-A75E-A376C0AC77D6}.Debug|Any CPU.ActiveCfg = Debug|Any CPU
		{F45EB9E9-8F6A-4925-A75E-A376C0AC77D6}.Debug|Any CPU.Build.0 = Debug|Any CPU
		{F45EB9E9-8F6A-4925-A75E-A376C0AC77D6}.Release|Any CPU.ActiveCfg = Release|Any CPU
		{F45EB9E9-8F6A-4925-A75E-A376C0AC77D6}.Release|Any CPU.Build.0 = Release|Any CPU
		{CF8CF27D-5311-429C-82CB-DBD5C3494EE9}.Debug|Any CPU.ActiveCfg = Debug|Any CPU
		{CF8CF27D-5311-429C-82CB-DBD5C3494EE9}.Debug|Any CPU.Build.0 = Debug|Any CPU
		{CF8CF27D-5311-429C-82CB-DBD5C3494EE9}.Release|Any CPU.ActiveCfg = Release|Any CPU
		{CF8CF27D-5311-429C-82CB-DBD5C3494EE9}.Release|Any CPU.Build.0 = Release|Any CPU
	EndGlobalSection
	GlobalSection(SolutionProperties) = preSolution
		HideSolutionNode = FALSE
	EndGlobalSection
	GlobalSection(ExtensibilityGlobals) = postSolution
		SolutionGuid = {C8997992-9D19-4758-8233-B2B1EDC15F2B}
	EndGlobalSection
EndGlobal
